
Microsoft Visual Studio Solution File, Format Version 12.00
# Visual Studio Version 16
VisualStudioVersion = 16.0.29806.167
MinimumVisualStudioVersion = 10.0.40219.1
Project("{9A19103F-16F7-4668-BE54-9A1E7A4F7556}") = "aula_operadores_atribuicoes", "aula_operadores_atribuicoes.csproj", "{C6DF746E-E251-44B3-8864-D259502148D9}"
EndProject
Project("{2150E333-8FDC-42A3-9474-1A3956D46DE8}") = "aulas", "aulas", "{BB3C99D2-3502-4FF0-BA64-55E74B0665F9}"
EndProject
Project("{2150E333-8FDC-42A3-9474-1A3956D46DE8}") = "exercicios", "exercicios", "{43107D8A-03F8-4FF3-8AD0-83CA5B8B9533}"
EndProject
Project("{2150E333-8FDC-42A3-9474-1A3956D46DE8}") = "projetos", "projetos", "{32CD853A-3EC5-4A39-A6D6-7D49584A9AF8}"
EndProject
Project("{9A19103F-16F7-4668-BE54-9A1E7A4F7556}") = "aula_conversao_casting", "..\aula_conversao_casting\aula_conversao_casting.csproj", "{3E560E42-9EC1-44DE-B68E-CC7C169621AA}"
EndProject
Project("{9A19103F-16F7-4668-BE54-9A1E7A4F7556}") = "aula_entrada_de_dados", "..\aula_entrada_de_dados\aula_entrada_de_dados.csproj", "{C58139DC-5004-445A-BAF2-93E054EFD8B8}"
EndProject
Project("{9A19103F-16F7-4668-BE54-9A1E7A4F7556}") = "aula_entrada_de_dados_02", "..\aula_entrada_de_dados_02\aula_entrada_de_dados_02.csproj", "{3B93F37D-B2DE-40CD-8681-7626D3D8AAD8}"
EndProject
Project("{9A19103F-16F7-4668-BE54-9A1E7A4F7556}") = "exercicio_entrada_de_dados_02", "..\exercicio_entrada_de_dados_02\exercicio_entrada_de_dados_02.csproj", "{99973083-6E46-4838-A57C-015C32ACACCF}"
EndProject
Project("{9A19103F-16F7-4668-BE54-9A1E7A4F7556}") = "aula_funcoes", "..\aula_funcoes\aula_funcoes.csproj", "{B0C5B73C-4D05-42B5-80AF-7899953D2E44}"
EndProject
Project("{9A19103F-16F7-4668-BE54-9A1E7A4F7556}") = "aula_classes_triangulo", "..\aula_classes_triangulo\aula_classes_triangulo.csproj", "{C3B17948-889B-476E-8DA7-8192D1DCADCD}"
EndProject
Project("{9A19103F-16F7-4668-BE54-9A1E7A4F7556}") = "exercicio_classes_produtos", "..\exercicio_classes_produtos\exercicio_classes_produtos.csproj", "{531EF0D8-F108-4A4C-81EF-A4EC0FBA8833}"
EndProject
Project("{9A19103F-16F7-4668-BE54-9A1E7A4F7556}") = "exercicio_classes_aluno", "..\exercicio_classes_aluno\exercicio_classes_aluno.csproj", "{F1CD417E-379F-4622-90FB-41B8A0CECA39}"
EndProject
Project("{9A19103F-16F7-4668-BE54-9A1E7A4F7556}") = "aula_membros_estaticos", "..\aula_membros_estaticos\aula_membros_estaticos.csproj", "{7F3E0122-0116-43C1-9A04-F64BA10442B7}"
EndProject
Project("{9A19103F-16F7-4668-BE54-9A1E7A4F7556}") = "aula_membro_estatico_classe_calculadora", "..\aula_membro_estatico_classe_calculadora\aula_membro_estatico_classe_calculadora.csproj", "{259E364E-9D2E-48EA-AF9E-B2D71B41DF7D}"
EndProject
Project("{9A19103F-16F7-4668-BE54-9A1E7A4F7556}") = "exercicio_cotacao_dolar", "..\exercicio_cotacao_dolar\exercicio_cotacao_dolar.csproj", "{66380C1C-C004-4B46-8F8B-7C9F28662087}"
EndProject
Project("{9A19103F-16F7-4668-BE54-9A1E7A4F7556}") = "aula_construtor", "..\aula_construtor\aula_construtor.csproj", "{76EDE849-F2D6-4C7E-AD1E-06AB3B21E3AF}"
EndProject
Project("{9A19103F-16F7-4668-BE54-9A1E7A4F7556}") = "aula_nullable", "..\aula_nullable\aula_nullable.csproj", "{E63C12D4-41D5-4CC3-A266-C9F2015C0084}"
EndProject
Project("{9A19103F-16F7-4668-BE54-9A1E7A4F7556}") = "aula_vetores", "..\aula_vetores\aula_vetores.csproj", "{E8F1D04E-2B71-40C6-9F93-19F41ADC5CC1}"
EndProject
Project("{9A19103F-16F7-4668-BE54-9A1E7A4F7556}") = "exercicio_vetor_produto", "..\exercicio_vetor_produto\exercicio_vetor_produto.csproj", "{C1BB8A7E-45FF-4ED6-9BFC-3CFC72E5C7B8}"
EndProject
Project("{9A19103F-16F7-4668-BE54-9A1E7A4F7556}") = "exercicio_reserva_hotel_vetor", "..\exercicio_reserva_hotel_vetor\exercicio_reserva_hotel_vetor.csproj", "{14614C4A-E9F1-4401-B292-2CCB049319E7}"
EndProject
Project("{9A19103F-16F7-4668-BE54-9A1E7A4F7556}") = "aula_listas", "..\aula_listas\aula_listas.csproj", "{802DD990-5BF4-4A2D-A358-F7F959BA679C}"
EndProject
Project("{9A19103F-16F7-4668-BE54-9A1E7A4F7556}") = "exercicio_funcionario_lista", "..\exercicio_funcionario_lista\exercicio_funcionario_lista.csproj", "{695A0A7B-140F-4B80-A5DB-936A484460E4}"
EndProject
Project("{9A19103F-16F7-4668-BE54-9A1E7A4F7556}") = "aula_matriz", "..\aula_matriz\aula_matriz.csproj", "{120A064A-F66E-4939-ACBB-71DED800EB84}"
EndProject
Project("{9A19103F-16F7-4668-BE54-9A1E7A4F7556}") = "exercicio_matriz", "..\exercicio_matriz\exercicio_matriz.csproj", "{8F321AE7-3FFE-42B4-A6F7-5722042E2E14}"
EndProject
Project("{9A19103F-16F7-4668-BE54-9A1E7A4F7556}") = "exercicio_matriz_posicao", "..\exercicio_matriz_posicao\exercicio_matriz_posicao.csproj", "{E9FB369C-8970-4BE5-9B5D-64DDB222C8B7}"
EndProject
Project("{9A19103F-16F7-4668-BE54-9A1E7A4F7556}") = "aula_enumeracoes", "..\aula_enumeracoes\aula_enumeracoes.csproj", "{7E2A1B3D-9F2A-4A12-B81F-C0D4B4C96D71}"
EndProject
Project("{9A19103F-16F7-4668-BE54-9A1E7A4F7556}") = "aula_composicao_trabalhador", "..\aula_composicao_trabalhador\aula_composicao_trabalhador.csproj", "{CDC447B0-F9B9-4BC2-B072-271E4D69611F}"
EndProject
Project("{9A19103F-16F7-4668-BE54-9A1E7A4F7556}") = "exercicio_composicao_post", "..\exercicio_composicao_post\exercicio_composicao_post.csproj", "{7EF7635D-F252-4090-AEB9-FCF0708C5309}"
EndProject
Project("{9A19103F-16F7-4668-BE54-9A1E7A4F7556}") = "exercicio_composicao_pedidos", "..\exercicio_composicao_pedidos\exercicio_composicao_pedidos.csproj", "{5FE35082-6967-459D-A2D0-F77D2FF27AAB}"
EndProject
Project("{9A19103F-16F7-4668-BE54-9A1E7A4F7556}") = "aula_heranca", "..\aula_heranca\aula_heranca.csproj", "{D577B69C-C4A3-4EDA-A166-6296AC4FA06E}"
EndProject
Project("{9A19103F-16F7-4668-BE54-9A1E7A4F7556}") = "exercicio_herenca_polimorfismo", "..\exercicio_herenca_polimorfismo\exercicio_herenca_polimorfismo.csproj", "{BF67D3D5-E520-4111-8511-E1B440880CAC}"
EndProject
Project("{9A19103F-16F7-4668-BE54-9A1E7A4F7556}") = "exercicio_heranca_etiquetas", "..\exercicio_heranca_etiquetas\exercicio_heranca_etiquetas.csproj", "{71EB7F50-DE00-4911-9073-AC03D6C44FF7}"
EndProject
Project("{9A19103F-16F7-4668-BE54-9A1E7A4F7556}") = "exercicio_abstract_herencas", "..\exercicio_abstract_herencas\exercicio_abstract_herencas.csproj", "{0EAC45B2-07F5-49AC-8380-594050A84416}"
EndProject
Project("{9A19103F-16F7-4668-BE54-9A1E7A4F7556}") = "exercicio_abstract_heranca_contribuicao", "..\exercicio_abstract_heranca_contribuicao\exercicio_abstract_heranca_contribuicao.csproj", "{12097873-40EA-4655-980D-E3086845F7BF}"
EndProject
Project("{9A19103F-16F7-4668-BE54-9A1E7A4F7556}") = "aula_execption_reservas", "..\aula_execption_reservas\aula_execption_reservas.csproj", "{249EE95D-481B-4DEC-B6B4-D66C5D1D8996}"
EndProject
Project("{9A19103F-16F7-4668-BE54-9A1E7A4F7556}") = "exercicio_exception_banco", "..\exercicio_exception_banco\exercicio_exception_banco.csproj", "{3B78B68D-9A2A-4DE2-B0AE-BF649336D3DF}"
EndProject
Project("{9A19103F-16F7-4668-BE54-9A1E7A4F7556}") = "aula_arquivos", "..\aula_arquivos\aula_arquivos.csproj", "{BE93A4F1-2B10-4D40-A53E-7B01C90D3455}"
EndProject
Project("{9A19103F-16F7-4668-BE54-9A1E7A4F7556}") = "aula_arquivo_streamreader", "..\aula_arquivo_streamreadr\aula_arquivo_streamreader.csproj", "{9C9AE43E-464D-4930-8C7D-46BDB58B4803}"
EndProject
Project("{9A19103F-16F7-4668-BE54-9A1E7A4F7556}") = "aula_arquivo_blockusing", "..\aula_arquivo_blockusing\aula_arquivo_blockusing.csproj", "{C694C279-1E0D-4D04-A049-A9B241FA66BF}"
EndProject
Project("{9A19103F-16F7-4668-BE54-9A1E7A4F7556}") = "aula_arquivo_streamwriter", "..\aula_arquivo_streamwriter\aula_arquivo_streamwriter.csproj", "{94D8A537-5330-41ED-BB89-529B7CB5B4D2}"
EndProject
Project("{9A19103F-16F7-4668-BE54-9A1E7A4F7556}") = "aula_arquivo_directs", "..\aula_arquivo_directs\aula_arquivo_directs.csproj", "{C1A2A63C-9208-4FD9-AC98-85B2A803065B}"
EndProject
Project("{9A19103F-16F7-4668-BE54-9A1E7A4F7556}") = "aula_arquivo_path", "..\aula_arquivo_path\aula_arquivo_path.csproj", "{57DD0A0E-158E-4B13-8675-A3B9A1652608}"
EndProject
Project("{9A19103F-16F7-4668-BE54-9A1E7A4F7556}") = "exercicio_arquivo", "..\exercicio_arquivo\exercicio_arquivo.csproj", "{45C187A5-6654-4F4C-9C31-8CAB9E7352F0}"
EndProject
Project("{9A19103F-16F7-4668-BE54-9A1E7A4F7556}") = "aula_interface", "..\aula_interface\aula_interface.csproj", "{D9516228-77AC-4ABF-A62C-F8C304E582DC}"
EndProject
Project("{9A19103F-16F7-4668-BE54-9A1E7A4F7556}") = "exercicio_interface_pagamentos", "..\exercicio_interface_pagamentos\exercicio_interface_pagamentos.csproj", "{AD76780A-BCFA-45C1-9661-869EB4D1E3E3}"
EndProject
Project("{9A19103F-16F7-4668-BE54-9A1E7A4F7556}") = "aula_linq", "..\aula_linq\aula_linq.csproj", "{B661FF89-DF43-4D6A-A06F-B34949B81DEF}"
EndProject
Project("{9A19103F-16F7-4668-BE54-9A1E7A4F7556}") = "aula_linq_com_lambda", "..\aula_linq_com_lambda\aula_linq_com_lambda.csproj", "{6FB3D61B-319C-4AC7-8D70-C1854457254E}"
EndProject
Project("{9A19103F-16F7-4668-BE54-9A1E7A4F7556}") = "aula_linq_sintax_sql", "..\aula_linq_sintax_sql\aula_linq_sintax_sql.csproj", "{1DCE2615-C1B3-4669-9479-F315F65DF378}"
EndProject
Project("{FAE04EC0-301F-11D3-BF4B-00C04F79EFBC}") = "exercicio_resolvido_linq", "..\exercicio_resolvido_linq\exercicio_resolvido_linq.csproj", "{0B2DA449-514D-4325-B97A-AB71D7AEF44C}"
EndProject
Project("{FAE04EC0-301F-11D3-BF4B-00C04F79EFBC}") = "exercicio_proposto_linq", "..\exercicio_proposto_linq\exercicio_proposto_linq.csproj", "{930A3F81-43BF-431E-A0DB-BBA47B8A8950}"
EndProject
Global
	GlobalSection(SolutionConfigurationPlatforms) = preSolution
		Debug|Any CPU = Debug|Any CPU
		Release|Any CPU = Release|Any CPU
	EndGlobalSection
	GlobalSection(ProjectConfigurationPlatforms) = postSolution
		{C6DF746E-E251-44B3-8864-D259502148D9}.Debug|Any CPU.ActiveCfg = Debug|Any CPU
		{C6DF746E-E251-44B3-8864-D259502148D9}.Debug|Any CPU.Build.0 = Debug|Any CPU
		{C6DF746E-E251-44B3-8864-D259502148D9}.Release|Any CPU.ActiveCfg = Release|Any CPU
		{C6DF746E-E251-44B3-8864-D259502148D9}.Release|Any CPU.Build.0 = Release|Any CPU
		{3E560E42-9EC1-44DE-B68E-CC7C169621AA}.Debug|Any CPU.ActiveCfg = Debug|Any CPU
		{3E560E42-9EC1-44DE-B68E-CC7C169621AA}.Debug|Any CPU.Build.0 = Debug|Any CPU
		{3E560E42-9EC1-44DE-B68E-CC7C169621AA}.Release|Any CPU.ActiveCfg = Release|Any CPU
		{3E560E42-9EC1-44DE-B68E-CC7C169621AA}.Release|Any CPU.Build.0 = Release|Any CPU
		{C58139DC-5004-445A-BAF2-93E054EFD8B8}.Debug|Any CPU.ActiveCfg = Debug|Any CPU
		{C58139DC-5004-445A-BAF2-93E054EFD8B8}.Debug|Any CPU.Build.0 = Debug|Any CPU
		{C58139DC-5004-445A-BAF2-93E054EFD8B8}.Release|Any CPU.ActiveCfg = Release|Any CPU
		{C58139DC-5004-445A-BAF2-93E054EFD8B8}.Release|Any CPU.Build.0 = Release|Any CPU
		{3B93F37D-B2DE-40CD-8681-7626D3D8AAD8}.Debug|Any CPU.ActiveCfg = Debug|Any CPU
		{3B93F37D-B2DE-40CD-8681-7626D3D8AAD8}.Debug|Any CPU.Build.0 = Debug|Any CPU
		{3B93F37D-B2DE-40CD-8681-7626D3D8AAD8}.Release|Any CPU.ActiveCfg = Release|Any CPU
		{3B93F37D-B2DE-40CD-8681-7626D3D8AAD8}.Release|Any CPU.Build.0 = Release|Any CPU
		{99973083-6E46-4838-A57C-015C32ACACCF}.Debug|Any CPU.ActiveCfg = Debug|Any CPU
		{99973083-6E46-4838-A57C-015C32ACACCF}.Debug|Any CPU.Build.0 = Debug|Any CPU
		{99973083-6E46-4838-A57C-015C32ACACCF}.Release|Any CPU.ActiveCfg = Release|Any CPU
		{99973083-6E46-4838-A57C-015C32ACACCF}.Release|Any CPU.Build.0 = Release|Any CPU
		{B0C5B73C-4D05-42B5-80AF-7899953D2E44}.Debug|Any CPU.ActiveCfg = Debug|Any CPU
		{B0C5B73C-4D05-42B5-80AF-7899953D2E44}.Debug|Any CPU.Build.0 = Debug|Any CPU
		{B0C5B73C-4D05-42B5-80AF-7899953D2E44}.Release|Any CPU.ActiveCfg = Release|Any CPU
		{B0C5B73C-4D05-42B5-80AF-7899953D2E44}.Release|Any CPU.Build.0 = Release|Any CPU
		{C3B17948-889B-476E-8DA7-8192D1DCADCD}.Debug|Any CPU.ActiveCfg = Debug|Any CPU
		{C3B17948-889B-476E-8DA7-8192D1DCADCD}.Debug|Any CPU.Build.0 = Debug|Any CPU
		{C3B17948-889B-476E-8DA7-8192D1DCADCD}.Release|Any CPU.ActiveCfg = Release|Any CPU
		{C3B17948-889B-476E-8DA7-8192D1DCADCD}.Release|Any CPU.Build.0 = Release|Any CPU
		{531EF0D8-F108-4A4C-81EF-A4EC0FBA8833}.Debug|Any CPU.ActiveCfg = Debug|Any CPU
		{531EF0D8-F108-4A4C-81EF-A4EC0FBA8833}.Debug|Any CPU.Build.0 = Debug|Any CPU
		{531EF0D8-F108-4A4C-81EF-A4EC0FBA8833}.Release|Any CPU.ActiveCfg = Release|Any CPU
		{531EF0D8-F108-4A4C-81EF-A4EC0FBA8833}.Release|Any CPU.Build.0 = Release|Any CPU
		{F1CD417E-379F-4622-90FB-41B8A0CECA39}.Debug|Any CPU.ActiveCfg = Debug|Any CPU
		{F1CD417E-379F-4622-90FB-41B8A0CECA39}.Debug|Any CPU.Build.0 = Debug|Any CPU
		{F1CD417E-379F-4622-90FB-41B8A0CECA39}.Release|Any CPU.ActiveCfg = Release|Any CPU
		{F1CD417E-379F-4622-90FB-41B8A0CECA39}.Release|Any CPU.Build.0 = Release|Any CPU
		{7F3E0122-0116-43C1-9A04-F64BA10442B7}.Debug|Any CPU.ActiveCfg = Debug|Any CPU
		{7F3E0122-0116-43C1-9A04-F64BA10442B7}.Debug|Any CPU.Build.0 = Debug|Any CPU
		{7F3E0122-0116-43C1-9A04-F64BA10442B7}.Release|Any CPU.ActiveCfg = Release|Any CPU
		{7F3E0122-0116-43C1-9A04-F64BA10442B7}.Release|Any CPU.Build.0 = Release|Any CPU
		{259E364E-9D2E-48EA-AF9E-B2D71B41DF7D}.Debug|Any CPU.ActiveCfg = Debug|Any CPU
		{259E364E-9D2E-48EA-AF9E-B2D71B41DF7D}.Debug|Any CPU.Build.0 = Debug|Any CPU
		{259E364E-9D2E-48EA-AF9E-B2D71B41DF7D}.Release|Any CPU.ActiveCfg = Release|Any CPU
		{259E364E-9D2E-48EA-AF9E-B2D71B41DF7D}.Release|Any CPU.Build.0 = Release|Any CPU
		{66380C1C-C004-4B46-8F8B-7C9F28662087}.Debug|Any CPU.ActiveCfg = Debug|Any CPU
		{66380C1C-C004-4B46-8F8B-7C9F28662087}.Debug|Any CPU.Build.0 = Debug|Any CPU
		{66380C1C-C004-4B46-8F8B-7C9F28662087}.Release|Any CPU.ActiveCfg = Release|Any CPU
		{66380C1C-C004-4B46-8F8B-7C9F28662087}.Release|Any CPU.Build.0 = Release|Any CPU
		{76EDE849-F2D6-4C7E-AD1E-06AB3B21E3AF}.Debug|Any CPU.ActiveCfg = Debug|Any CPU
		{76EDE849-F2D6-4C7E-AD1E-06AB3B21E3AF}.Debug|Any CPU.Build.0 = Debug|Any CPU
		{76EDE849-F2D6-4C7E-AD1E-06AB3B21E3AF}.Release|Any CPU.ActiveCfg = Release|Any CPU
		{76EDE849-F2D6-4C7E-AD1E-06AB3B21E3AF}.Release|Any CPU.Build.0 = Release|Any CPU
		{E63C12D4-41D5-4CC3-A266-C9F2015C0084}.Debug|Any CPU.ActiveCfg = Debug|Any CPU
		{E63C12D4-41D5-4CC3-A266-C9F2015C0084}.Debug|Any CPU.Build.0 = Debug|Any CPU
		{E63C12D4-41D5-4CC3-A266-C9F2015C0084}.Release|Any CPU.ActiveCfg = Release|Any CPU
		{E63C12D4-41D5-4CC3-A266-C9F2015C0084}.Release|Any CPU.Build.0 = Release|Any CPU
		{E8F1D04E-2B71-40C6-9F93-19F41ADC5CC1}.Debug|Any CPU.ActiveCfg = Debug|Any CPU
		{E8F1D04E-2B71-40C6-9F93-19F41ADC5CC1}.Debug|Any CPU.Build.0 = Debug|Any CPU
		{E8F1D04E-2B71-40C6-9F93-19F41ADC5CC1}.Release|Any CPU.ActiveCfg = Release|Any CPU
		{E8F1D04E-2B71-40C6-9F93-19F41ADC5CC1}.Release|Any CPU.Build.0 = Release|Any CPU
		{C1BB8A7E-45FF-4ED6-9BFC-3CFC72E5C7B8}.Debug|Any CPU.ActiveCfg = Debug|Any CPU
		{C1BB8A7E-45FF-4ED6-9BFC-3CFC72E5C7B8}.Debug|Any CPU.Build.0 = Debug|Any CPU
		{C1BB8A7E-45FF-4ED6-9BFC-3CFC72E5C7B8}.Release|Any CPU.ActiveCfg = Release|Any CPU
		{C1BB8A7E-45FF-4ED6-9BFC-3CFC72E5C7B8}.Release|Any CPU.Build.0 = Release|Any CPU
		{14614C4A-E9F1-4401-B292-2CCB049319E7}.Debug|Any CPU.ActiveCfg = Debug|Any CPU
		{14614C4A-E9F1-4401-B292-2CCB049319E7}.Debug|Any CPU.Build.0 = Debug|Any CPU
		{14614C4A-E9F1-4401-B292-2CCB049319E7}.Release|Any CPU.ActiveCfg = Release|Any CPU
		{14614C4A-E9F1-4401-B292-2CCB049319E7}.Release|Any CPU.Build.0 = Release|Any CPU
		{802DD990-5BF4-4A2D-A358-F7F959BA679C}.Debug|Any CPU.ActiveCfg = Debug|Any CPU
		{802DD990-5BF4-4A2D-A358-F7F959BA679C}.Debug|Any CPU.Build.0 = Debug|Any CPU
		{802DD990-5BF4-4A2D-A358-F7F959BA679C}.Release|Any CPU.ActiveCfg = Release|Any CPU
		{802DD990-5BF4-4A2D-A358-F7F959BA679C}.Release|Any CPU.Build.0 = Release|Any CPU
		{695A0A7B-140F-4B80-A5DB-936A484460E4}.Debug|Any CPU.ActiveCfg = Debug|Any CPU
		{695A0A7B-140F-4B80-A5DB-936A484460E4}.Debug|Any CPU.Build.0 = Debug|Any CPU
		{695A0A7B-140F-4B80-A5DB-936A484460E4}.Release|Any CPU.ActiveCfg = Release|Any CPU
		{695A0A7B-140F-4B80-A5DB-936A484460E4}.Release|Any CPU.Build.0 = Release|Any CPU
		{120A064A-F66E-4939-ACBB-71DED800EB84}.Debug|Any CPU.ActiveCfg = Debug|Any CPU
		{120A064A-F66E-4939-ACBB-71DED800EB84}.Debug|Any CPU.Build.0 = Debug|Any CPU
		{120A064A-F66E-4939-ACBB-71DED800EB84}.Release|Any CPU.ActiveCfg = Release|Any CPU
		{120A064A-F66E-4939-ACBB-71DED800EB84}.Release|Any CPU.Build.0 = Release|Any CPU
		{8F321AE7-3FFE-42B4-A6F7-5722042E2E14}.Debug|Any CPU.ActiveCfg = Debug|Any CPU
		{8F321AE7-3FFE-42B4-A6F7-5722042E2E14}.Debug|Any CPU.Build.0 = Debug|Any CPU
		{8F321AE7-3FFE-42B4-A6F7-5722042E2E14}.Release|Any CPU.ActiveCfg = Release|Any CPU
		{8F321AE7-3FFE-42B4-A6F7-5722042E2E14}.Release|Any CPU.Build.0 = Release|Any CPU
		{E9FB369C-8970-4BE5-9B5D-64DDB222C8B7}.Debug|Any CPU.ActiveCfg = Debug|Any CPU
		{E9FB369C-8970-4BE5-9B5D-64DDB222C8B7}.Debug|Any CPU.Build.0 = Debug|Any CPU
		{E9FB369C-8970-4BE5-9B5D-64DDB222C8B7}.Release|Any CPU.ActiveCfg = Release|Any CPU
		{E9FB369C-8970-4BE5-9B5D-64DDB222C8B7}.Release|Any CPU.Build.0 = Release|Any CPU
		{7E2A1B3D-9F2A-4A12-B81F-C0D4B4C96D71}.Debug|Any CPU.ActiveCfg = Debug|Any CPU
		{7E2A1B3D-9F2A-4A12-B81F-C0D4B4C96D71}.Debug|Any CPU.Build.0 = Debug|Any CPU
		{7E2A1B3D-9F2A-4A12-B81F-C0D4B4C96D71}.Release|Any CPU.ActiveCfg = Release|Any CPU
		{7E2A1B3D-9F2A-4A12-B81F-C0D4B4C96D71}.Release|Any CPU.Build.0 = Release|Any CPU
		{CDC447B0-F9B9-4BC2-B072-271E4D69611F}.Debug|Any CPU.ActiveCfg = Debug|Any CPU
		{CDC447B0-F9B9-4BC2-B072-271E4D69611F}.Debug|Any CPU.Build.0 = Debug|Any CPU
		{CDC447B0-F9B9-4BC2-B072-271E4D69611F}.Release|Any CPU.ActiveCfg = Release|Any CPU
		{CDC447B0-F9B9-4BC2-B072-271E4D69611F}.Release|Any CPU.Build.0 = Release|Any CPU
		{7EF7635D-F252-4090-AEB9-FCF0708C5309}.Debug|Any CPU.ActiveCfg = Debug|Any CPU
		{7EF7635D-F252-4090-AEB9-FCF0708C5309}.Debug|Any CPU.Build.0 = Debug|Any CPU
		{7EF7635D-F252-4090-AEB9-FCF0708C5309}.Release|Any CPU.ActiveCfg = Release|Any CPU
		{7EF7635D-F252-4090-AEB9-FCF0708C5309}.Release|Any CPU.Build.0 = Release|Any CPU
		{5FE35082-6967-459D-A2D0-F77D2FF27AAB}.Debug|Any CPU.ActiveCfg = Debug|Any CPU
		{5FE35082-6967-459D-A2D0-F77D2FF27AAB}.Debug|Any CPU.Build.0 = Debug|Any CPU
		{5FE35082-6967-459D-A2D0-F77D2FF27AAB}.Release|Any CPU.ActiveCfg = Release|Any CPU
		{5FE35082-6967-459D-A2D0-F77D2FF27AAB}.Release|Any CPU.Build.0 = Release|Any CPU
		{D577B69C-C4A3-4EDA-A166-6296AC4FA06E}.Debug|Any CPU.ActiveCfg = Debug|Any CPU
		{D577B69C-C4A3-4EDA-A166-6296AC4FA06E}.Debug|Any CPU.Build.0 = Debug|Any CPU
		{D577B69C-C4A3-4EDA-A166-6296AC4FA06E}.Release|Any CPU.ActiveCfg = Release|Any CPU
		{D577B69C-C4A3-4EDA-A166-6296AC4FA06E}.Release|Any CPU.Build.0 = Release|Any CPU
		{BF67D3D5-E520-4111-8511-E1B440880CAC}.Debug|Any CPU.ActiveCfg = Debug|Any CPU
		{BF67D3D5-E520-4111-8511-E1B440880CAC}.Debug|Any CPU.Build.0 = Debug|Any CPU
		{BF67D3D5-E520-4111-8511-E1B440880CAC}.Release|Any CPU.ActiveCfg = Release|Any CPU
		{BF67D3D5-E520-4111-8511-E1B440880CAC}.Release|Any CPU.Build.0 = Release|Any CPU
		{71EB7F50-DE00-4911-9073-AC03D6C44FF7}.Debug|Any CPU.ActiveCfg = Debug|Any CPU
		{71EB7F50-DE00-4911-9073-AC03D6C44FF7}.Debug|Any CPU.Build.0 = Debug|Any CPU
		{71EB7F50-DE00-4911-9073-AC03D6C44FF7}.Release|Any CPU.ActiveCfg = Release|Any CPU
		{71EB7F50-DE00-4911-9073-AC03D6C44FF7}.Release|Any CPU.Build.0 = Release|Any CPU
		{0EAC45B2-07F5-49AC-8380-594050A84416}.Debug|Any CPU.ActiveCfg = Debug|Any CPU
		{0EAC45B2-07F5-49AC-8380-594050A84416}.Debug|Any CPU.Build.0 = Debug|Any CPU
		{0EAC45B2-07F5-49AC-8380-594050A84416}.Release|Any CPU.ActiveCfg = Release|Any CPU
		{0EAC45B2-07F5-49AC-8380-594050A84416}.Release|Any CPU.Build.0 = Release|Any CPU
		{12097873-40EA-4655-980D-E3086845F7BF}.Debug|Any CPU.ActiveCfg = Debug|Any CPU
		{12097873-40EA-4655-980D-E3086845F7BF}.Debug|Any CPU.Build.0 = Debug|Any CPU
		{12097873-40EA-4655-980D-E3086845F7BF}.Release|Any CPU.ActiveCfg = Release|Any CPU
		{12097873-40EA-4655-980D-E3086845F7BF}.Release|Any CPU.Build.0 = Release|Any CPU
		{249EE95D-481B-4DEC-B6B4-D66C5D1D8996}.Debug|Any CPU.ActiveCfg = Debug|Any CPU
		{249EE95D-481B-4DEC-B6B4-D66C5D1D8996}.Debug|Any CPU.Build.0 = Debug|Any CPU
		{249EE95D-481B-4DEC-B6B4-D66C5D1D8996}.Release|Any CPU.ActiveCfg = Release|Any CPU
		{249EE95D-481B-4DEC-B6B4-D66C5D1D8996}.Release|Any CPU.Build.0 = Release|Any CPU
		{3B78B68D-9A2A-4DE2-B0AE-BF649336D3DF}.Debug|Any CPU.ActiveCfg = Debug|Any CPU
		{3B78B68D-9A2A-4DE2-B0AE-BF649336D3DF}.Debug|Any CPU.Build.0 = Debug|Any CPU
		{3B78B68D-9A2A-4DE2-B0AE-BF649336D3DF}.Release|Any CPU.ActiveCfg = Release|Any CPU
		{3B78B68D-9A2A-4DE2-B0AE-BF649336D3DF}.Release|Any CPU.Build.0 = Release|Any CPU
		{BE93A4F1-2B10-4D40-A53E-7B01C90D3455}.Debug|Any CPU.ActiveCfg = Debug|Any CPU
		{BE93A4F1-2B10-4D40-A53E-7B01C90D3455}.Debug|Any CPU.Build.0 = Debug|Any CPU
		{BE93A4F1-2B10-4D40-A53E-7B01C90D3455}.Release|Any CPU.ActiveCfg = Release|Any CPU
		{BE93A4F1-2B10-4D40-A53E-7B01C90D3455}.Release|Any CPU.Build.0 = Release|Any CPU
		{9C9AE43E-464D-4930-8C7D-46BDB58B4803}.Debug|Any CPU.ActiveCfg = Debug|Any CPU
		{9C9AE43E-464D-4930-8C7D-46BDB58B4803}.Debug|Any CPU.Build.0 = Debug|Any CPU
		{9C9AE43E-464D-4930-8C7D-46BDB58B4803}.Release|Any CPU.ActiveCfg = Release|Any CPU
		{9C9AE43E-464D-4930-8C7D-46BDB58B4803}.Release|Any CPU.Build.0 = Release|Any CPU
		{C694C279-1E0D-4D04-A049-A9B241FA66BF}.Debug|Any CPU.ActiveCfg = Debug|Any CPU
		{C694C279-1E0D-4D04-A049-A9B241FA66BF}.Debug|Any CPU.Build.0 = Debug|Any CPU
		{C694C279-1E0D-4D04-A049-A9B241FA66BF}.Release|Any CPU.ActiveCfg = Release|Any CPU
		{C694C279-1E0D-4D04-A049-A9B241FA66BF}.Release|Any CPU.Build.0 = Release|Any CPU
		{94D8A537-5330-41ED-BB89-529B7CB5B4D2}.Debug|Any CPU.ActiveCfg = Debug|Any CPU
		{94D8A537-5330-41ED-BB89-529B7CB5B4D2}.Debug|Any CPU.Build.0 = Debug|Any CPU
		{94D8A537-5330-41ED-BB89-529B7CB5B4D2}.Release|Any CPU.ActiveCfg = Release|Any CPU
		{94D8A537-5330-41ED-BB89-529B7CB5B4D2}.Release|Any CPU.Build.0 = Release|Any CPU
		{C1A2A63C-9208-4FD9-AC98-85B2A803065B}.Debug|Any CPU.ActiveCfg = Debug|Any CPU
		{C1A2A63C-9208-4FD9-AC98-85B2A803065B}.Debug|Any CPU.Build.0 = Debug|Any CPU
		{C1A2A63C-9208-4FD9-AC98-85B2A803065B}.Release|Any CPU.ActiveCfg = Release|Any CPU
		{C1A2A63C-9208-4FD9-AC98-85B2A803065B}.Release|Any CPU.Build.0 = Release|Any CPU
		{57DD0A0E-158E-4B13-8675-A3B9A1652608}.Debug|Any CPU.ActiveCfg = Debug|Any CPU
		{57DD0A0E-158E-4B13-8675-A3B9A1652608}.Debug|Any CPU.Build.0 = Debug|Any CPU
		{57DD0A0E-158E-4B13-8675-A3B9A1652608}.Release|Any CPU.ActiveCfg = Release|Any CPU
		{57DD0A0E-158E-4B13-8675-A3B9A1652608}.Release|Any CPU.Build.0 = Release|Any CPU
		{45C187A5-6654-4F4C-9C31-8CAB9E7352F0}.Debug|Any CPU.ActiveCfg = Debug|Any CPU
		{45C187A5-6654-4F4C-9C31-8CAB9E7352F0}.Debug|Any CPU.Build.0 = Debug|Any CPU
		{45C187A5-6654-4F4C-9C31-8CAB9E7352F0}.Release|Any CPU.ActiveCfg = Release|Any CPU
		{45C187A5-6654-4F4C-9C31-8CAB9E7352F0}.Release|Any CPU.Build.0 = Release|Any CPU
		{D9516228-77AC-4ABF-A62C-F8C304E582DC}.Debug|Any CPU.ActiveCfg = Debug|Any CPU
		{D9516228-77AC-4ABF-A62C-F8C304E582DC}.Debug|Any CPU.Build.0 = Debug|Any CPU
		{D9516228-77AC-4ABF-A62C-F8C304E582DC}.Release|Any CPU.ActiveCfg = Release|Any CPU
		{D9516228-77AC-4ABF-A62C-F8C304E582DC}.Release|Any CPU.Build.0 = Release|Any CPU
		{AD76780A-BCFA-45C1-9661-869EB4D1E3E3}.Debug|Any CPU.ActiveCfg = Debug|Any CPU
		{AD76780A-BCFA-45C1-9661-869EB4D1E3E3}.Debug|Any CPU.Build.0 = Debug|Any CPU
		{AD76780A-BCFA-45C1-9661-869EB4D1E3E3}.Release|Any CPU.ActiveCfg = Release|Any CPU
		{AD76780A-BCFA-45C1-9661-869EB4D1E3E3}.Release|Any CPU.Build.0 = Release|Any CPU
		{B661FF89-DF43-4D6A-A06F-B34949B81DEF}.Debug|Any CPU.ActiveCfg = Debug|Any CPU
		{B661FF89-DF43-4D6A-A06F-B34949B81DEF}.Debug|Any CPU.Build.0 = Debug|Any CPU
		{B661FF89-DF43-4D6A-A06F-B34949B81DEF}.Release|Any CPU.ActiveCfg = Release|Any CPU
		{B661FF89-DF43-4D6A-A06F-B34949B81DEF}.Release|Any CPU.Build.0 = Release|Any CPU
		{6FB3D61B-319C-4AC7-8D70-C1854457254E}.Debug|Any CPU.ActiveCfg = Debug|Any CPU
		{6FB3D61B-319C-4AC7-8D70-C1854457254E}.Debug|Any CPU.Build.0 = Debug|Any CPU
		{6FB3D61B-319C-4AC7-8D70-C1854457254E}.Release|Any CPU.ActiveCfg = Release|Any CPU
		{6FB3D61B-319C-4AC7-8D70-C1854457254E}.Release|Any CPU.Build.0 = Release|Any CPU
		{1DCE2615-C1B3-4669-9479-F315F65DF378}.Debug|Any CPU.ActiveCfg = Debug|Any CPU
		{1DCE2615-C1B3-4669-9479-F315F65DF378}.Debug|Any CPU.Build.0 = Debug|Any CPU
		{1DCE2615-C1B3-4669-9479-F315F65DF378}.Release|Any CPU.ActiveCfg = Release|Any CPU
		{1DCE2615-C1B3-4669-9479-F315F65DF378}.Release|Any CPU.Build.0 = Release|Any CPU
		{0B2DA449-514D-4325-B97A-AB71D7AEF44C}.Debug|Any CPU.ActiveCfg = Debug|Any CPU
		{0B2DA449-514D-4325-B97A-AB71D7AEF44C}.Debug|Any CPU.Build.0 = Debug|Any CPU
		{0B2DA449-514D-4325-B97A-AB71D7AEF44C}.Release|Any CPU.ActiveCfg = Release|Any CPU
		{0B2DA449-514D-4325-B97A-AB71D7AEF44C}.Release|Any CPU.Build.0 = Release|Any CPU
		{930A3F81-43BF-431E-A0DB-BBA47B8A8950}.Debug|Any CPU.ActiveCfg = Debug|Any CPU
		{930A3F81-43BF-431E-A0DB-BBA47B8A8950}.Debug|Any CPU.Build.0 = Debug|Any CPU
		{930A3F81-43BF-431E-A0DB-BBA47B8A8950}.Release|Any CPU.ActiveCfg = Release|Any CPU
		{930A3F81-43BF-431E-A0DB-BBA47B8A8950}.Release|Any CPU.Build.0 = Release|Any CPU
	EndGlobalSection
	GlobalSection(SolutionProperties) = preSolution
		HideSolutionNode = FALSE
	EndGlobalSection
	GlobalSection(NestedProjects) = preSolution
		{C6DF746E-E251-44B3-8864-D259502148D9} = {BB3C99D2-3502-4FF0-BA64-55E74B0665F9}
		{3E560E42-9EC1-44DE-B68E-CC7C169621AA} = {BB3C99D2-3502-4FF0-BA64-55E74B0665F9}
		{C58139DC-5004-445A-BAF2-93E054EFD8B8} = {BB3C99D2-3502-4FF0-BA64-55E74B0665F9}
		{3B93F37D-B2DE-40CD-8681-7626D3D8AAD8} = {BB3C99D2-3502-4FF0-BA64-55E74B0665F9}
		{99973083-6E46-4838-A57C-015C32ACACCF} = {43107D8A-03F8-4FF3-8AD0-83CA5B8B9533}
		{B0C5B73C-4D05-42B5-80AF-7899953D2E44} = {BB3C99D2-3502-4FF0-BA64-55E74B0665F9}
		{C3B17948-889B-476E-8DA7-8192D1DCADCD} = {BB3C99D2-3502-4FF0-BA64-55E74B0665F9}
		{531EF0D8-F108-4A4C-81EF-A4EC0FBA8833} = {43107D8A-03F8-4FF3-8AD0-83CA5B8B9533}
		{F1CD417E-379F-4622-90FB-41B8A0CECA39} = {43107D8A-03F8-4FF3-8AD0-83CA5B8B9533}
		{7F3E0122-0116-43C1-9A04-F64BA10442B7} = {BB3C99D2-3502-4FF0-BA64-55E74B0665F9}
		{259E364E-9D2E-48EA-AF9E-B2D71B41DF7D} = {BB3C99D2-3502-4FF0-BA64-55E74B0665F9}
		{66380C1C-C004-4B46-8F8B-7C9F28662087} = {43107D8A-03F8-4FF3-8AD0-83CA5B8B9533}
		{76EDE849-F2D6-4C7E-AD1E-06AB3B21E3AF} = {BB3C99D2-3502-4FF0-BA64-55E74B0665F9}
		{E63C12D4-41D5-4CC3-A266-C9F2015C0084} = {BB3C99D2-3502-4FF0-BA64-55E74B0665F9}
		{E8F1D04E-2B71-40C6-9F93-19F41ADC5CC1} = {BB3C99D2-3502-4FF0-BA64-55E74B0665F9}
		{C1BB8A7E-45FF-4ED6-9BFC-3CFC72E5C7B8} = {43107D8A-03F8-4FF3-8AD0-83CA5B8B9533}
		{14614C4A-E9F1-4401-B292-2CCB049319E7} = {43107D8A-03F8-4FF3-8AD0-83CA5B8B9533}
		{802DD990-5BF4-4A2D-A358-F7F959BA679C} = {BB3C99D2-3502-4FF0-BA64-55E74B0665F9}
		{695A0A7B-140F-4B80-A5DB-936A484460E4} = {43107D8A-03F8-4FF3-8AD0-83CA5B8B9533}
		{120A064A-F66E-4939-ACBB-71DED800EB84} = {BB3C99D2-3502-4FF0-BA64-55E74B0665F9}
		{8F321AE7-3FFE-42B4-A6F7-5722042E2E14} = {43107D8A-03F8-4FF3-8AD0-83CA5B8B9533}
		{E9FB369C-8970-4BE5-9B5D-64DDB222C8B7} = {43107D8A-03F8-4FF3-8AD0-83CA5B8B9533}
		{7E2A1B3D-9F2A-4A12-B81F-C0D4B4C96D71} = {BB3C99D2-3502-4FF0-BA64-55E74B0665F9}
		{CDC447B0-F9B9-4BC2-B072-271E4D69611F} = {BB3C99D2-3502-4FF0-BA64-55E74B0665F9}
		{7EF7635D-F252-4090-AEB9-FCF0708C5309} = {43107D8A-03F8-4FF3-8AD0-83CA5B8B9533}
		{5FE35082-6967-459D-A2D0-F77D2FF27AAB} = {43107D8A-03F8-4FF3-8AD0-83CA5B8B9533}
		{D577B69C-C4A3-4EDA-A166-6296AC4FA06E} = {BB3C99D2-3502-4FF0-BA64-55E74B0665F9}
		{BF67D3D5-E520-4111-8511-E1B440880CAC} = {43107D8A-03F8-4FF3-8AD0-83CA5B8B9533}
		{71EB7F50-DE00-4911-9073-AC03D6C44FF7} = {43107D8A-03F8-4FF3-8AD0-83CA5B8B9533}
		{0EAC45B2-07F5-49AC-8380-594050A84416} = {43107D8A-03F8-4FF3-8AD0-83CA5B8B9533}
		{12097873-40EA-4655-980D-E3086845F7BF} = {43107D8A-03F8-4FF3-8AD0-83CA5B8B9533}
		{249EE95D-481B-4DEC-B6B4-D66C5D1D8996} = {BB3C99D2-3502-4FF0-BA64-55E74B0665F9}
		{3B78B68D-9A2A-4DE2-B0AE-BF649336D3DF} = {43107D8A-03F8-4FF3-8AD0-83CA5B8B9533}
		{BE93A4F1-2B10-4D40-A53E-7B01C90D3455} = {BB3C99D2-3502-4FF0-BA64-55E74B0665F9}
		{9C9AE43E-464D-4930-8C7D-46BDB58B4803} = {BB3C99D2-3502-4FF0-BA64-55E74B0665F9}
		{C694C279-1E0D-4D04-A049-A9B241FA66BF} = {BB3C99D2-3502-4FF0-BA64-55E74B0665F9}
		{94D8A537-5330-41ED-BB89-529B7CB5B4D2} = {BB3C99D2-3502-4FF0-BA64-55E74B0665F9}
		{C1A2A63C-9208-4FD9-AC98-85B2A803065B} = {BB3C99D2-3502-4FF0-BA64-55E74B0665F9}
		{57DD0A0E-158E-4B13-8675-A3B9A1652608} = {BB3C99D2-3502-4FF0-BA64-55E74B0665F9}
		{45C187A5-6654-4F4C-9C31-8CAB9E7352F0} = {43107D8A-03F8-4FF3-8AD0-83CA5B8B9533}
		{D9516228-77AC-4ABF-A62C-F8C304E582DC} = {BB3C99D2-3502-4FF0-BA64-55E74B0665F9}
		{AD76780A-BCFA-45C1-9661-869EB4D1E3E3} = {43107D8A-03F8-4FF3-8AD0-83CA5B8B9533}
		{B661FF89-DF43-4D6A-A06F-B34949B81DEF} = {BB3C99D2-3502-4FF0-BA64-55E74B0665F9}
		{6FB3D61B-319C-4AC7-8D70-C1854457254E} = {BB3C99D2-3502-4FF0-BA64-55E74B0665F9}
		{1DCE2615-C1B3-4669-9479-F315F65DF378} = {BB3C99D2-3502-4FF0-BA64-55E74B0665F9}
		{0B2DA449-514D-4325-B97A-AB71D7AEF44C} = {43107D8A-03F8-4FF3-8AD0-83CA5B8B9533}
		{930A3F81-43BF-431E-A0DB-BBA47B8A8950} = {43107D8A-03F8-4FF3-8AD0-83CA5B8B9533}
	EndGlobalSection
	GlobalSection(ExtensibilityGlobals) = postSolution
		SolutionGuid = {BB49E8B8-2DB5-4504-AB0B-05EBA1C68EEE}
	EndGlobalSection
EndGlobal
